# THIS IS AN AUTOGENERATED FILE. DO NOT EDIT THIS FILE DIRECTLY.
# yarn lockfile v1


"@babel/parser@^7.16.4":
  version "7.17.7"
  resolved "https://registry.yarnpkg.com/@babel/parser/-/parser-7.17.7.tgz#fc19b645a5456c8d6fdb6cecd3c66c0173902800"
  integrity sha512-bm3AQf45vR4gKggRfvJdYJ0gFLoCbsPxiFLSH6hTVYABptNHY6l9NrhnucVjQ/X+SPtLANT9lc0fFhikj+VBRA==

"@ctrl/tinycolor@^3.4.0":
  version "3.4.0"
  resolved "https://registry.yarnpkg.com/@ctrl/tinycolor/-/tinycolor-3.4.0.tgz#c3c5ae543c897caa9c2a68630bed355be5f9990f"
  integrity sha512-JZButFdZ1+/xAfpguQHoabIXkcqRRKpMrWKBkpEZZyxfY9C1DpADFB8PEqGSTeFr135SaTRfKqGKx5xSCLI7ZQ==

"@element-plus/icons-vue@^0.2.6":
  version "0.2.7"
  resolved "https://registry.yarnpkg.com/@element-plus/icons-vue/-/icons-vue-0.2.7.tgz#c0b75363098bf1fba414e18706604bfe5057ae1b"
  integrity sha512-S8kDbfVaWkQvbUYQE1ui448tzaHfUvyESCep9J6uPRlViyQPXjdIfwLBhV6AmQSOfFS8rL+xehJGhvzPXLrSBg==

"@element-plus/icons-vue@^1.1.1":
  version "1.1.3"
  resolved "https://registry.yarnpkg.com/@element-plus/icons-vue/-/icons-vue-1.1.3.tgz#e19dc155918ebf55c601acee8079b4108f363b2b"
  integrity sha512-eaL3acguwQMmQcGssYtzDYJLgXwXae7zpKuA6uXCtz1wrEMVtN+T3u5tY+p7FzZ+2d/R9tzT/rq0EHmjKs33XQ==

"@migrate-to-esm/clipboard@^2.0.6-1":
  version "2.0.6-1"
  resolved "https://registry.yarnpkg.com/@migrate-to-esm/clipboard/-/clipboard-2.0.6-1.tgz#7f24f9d2a504549a7168b256be286bbbb792ba9d"
  integrity sha512-WZz0P4g80WgbZsGZD660qSmxP1QXo4Ynaw2uelBm7shObDZI1MDGFz/t7wAKoNUXdo4VILez1hDeWE3Qui+DHg==
  dependencies:
    "@migrate-to-esm/good-listener" "^1.2.2"
    "@migrate-to-esm/select" "^1.1.2"
    "@migrate-to-esm/tiny-emitter" "^2.0.2"

"@migrate-to-esm/delegate@^3.1.2":
  version "3.2.0"
  resolved "https://registry.yarnpkg.com/@migrate-to-esm/delegate/-/delegate-3.2.0.tgz#009aa892fc53e3e6c193bb597912371504111cd7"
  integrity sha512-+zwJ87lRr64/JUYeoUp9vtqxzJjvQdRR/X2p9XgZbNvcB906CxWq67vSnk+zYv1bqKWHcrsj6fzdAP5mbnsQSg==

"@migrate-to-esm/good-listener@^1.2.2":
  version "1.2.2"
  resolved "https://registry.yarnpkg.com/@migrate-to-esm/good-listener/-/good-listener-1.2.2.tgz#85c5f50449c7780b91106f1d538639d3a5cea08e"
  integrity sha512-DEv089YhCkRBb6kB2NGLO7ErmMsekliPf/8eKACE2eStjz7rMDdXnmaj8yMzrdT2vvrX2A0IX3bhAQgaY3mymQ==
  dependencies:
    "@migrate-to-esm/delegate" "^3.1.2"

"@migrate-to-esm/select@^1.1.2":
  version "1.1.2"
  resolved "https://registry.yarnpkg.com/@migrate-to-esm/select/-/select-1.1.2.tgz#7352fdf0c4a0dab10714c1a2a6c62e39f7f3651a"
  integrity sha512-nkHn0JIq4/SbgwUzXZvYC5F1ePjbQns3irWsQcDX34UVw9XnbcALQr0/Ygjcnb9YlPhsO5++Xd1i6cfEzOwQFg==

"@migrate-to-esm/tiny-emitter@^2.0.2":
  version "2.0.2"
  resolved "https://registry.yarnpkg.com/@migrate-to-esm/tiny-emitter/-/tiny-emitter-2.0.2.tgz#949596cf7fc8ed3e74c3538b9bc6e7a8eb02bd35"
  integrity sha512-4RHPzP7HEN9zhFRYwEFZYCbNavpOy5k/xzU6BbUTmz3xnfrOvd9rr4McCRO0o8vgSKrFI6s31IYfjfn2r8STbg==

"@popperjs/core@^2.11.3":
  version "2.11.4"
  resolved "https://registry.yarnpkg.com/@popperjs/core/-/core-2.11.4.tgz#d8c7b8db9226d2d7664553a0741ad7d0397ee503"
  integrity sha512-q/ytXxO5NKvyT37pmisQAItCFqA7FD/vNb8dgaJy3/630Fsc+Mz9/9f2SziBoIZ30TJooXyTwZmhi1zjXmObYg==

"@types/geojson@*":
  version "7946.0.8"
  resolved "https://registry.yarnpkg.com/@types/geojson/-/geojson-7946.0.8.tgz#30744afdb385e2945e22f3b033f897f76b1f12ca"
  integrity sha512-1rkryxURpr6aWP7R786/UQOkJ3PcpQiWkAXBmdWc7ryFWqN6a4xfK7BtjXvFBKO9LjQ+MWQSWxYeZX1OApnArA==

"@types/leaflet@^1.7.9":
  version "1.7.9"
  resolved "https://registry.yarnpkg.com/@types/leaflet/-/leaflet-1.7.9.tgz#7993d34f14cfa88c45b3d490daba39a3a1be9a2b"
  integrity sha512-H8vPgD49HKzqM41ArHGZM70g/tfhp8W+JcPxfnF+5H/Xvp+xiP+KQOUNWU8U89fqS1Jj3cpRY/+nbnaHFzwnFA==
  dependencies:
    "@types/geojson" "*"

"@vitejs/plugin-vue@^2.0.0":
  version "2.2.4"
  resolved "https://registry.yarnpkg.com/@vitejs/plugin-vue/-/plugin-vue-2.2.4.tgz#ab8b199ca82496b05d2654c5f34ffcf9b947243d"
  integrity sha512-ev9AOlp0ljCaDkFZF3JwC/pD2N4Hh+r5srl5JHM6BKg5+99jiiK0rE/XaRs3pVm1wzyKkjUy/StBSoXX5fFzcw==

"@vue-leaflet/vue-leaflet@^0.6.1":
  version "0.6.1"
  resolved "https://registry.yarnpkg.com/@vue-leaflet/vue-leaflet/-/vue-leaflet-0.6.1.tgz#d731a5d2256d049e345f58330616180191d88b12"
  integrity sha512-/sm0bdrdftXh5nSGEPsoKrJI1D/GtKiEsBo9X/TA2yu4lYTDcaem6U4t1Ea5CoLleiZRCNUrZr9PG/xHdUPXYA==

"@vue/compiler-core@3.2.31":
  version "3.2.31"
  resolved "https://registry.yarnpkg.com/@vue/compiler-core/-/compiler-core-3.2.31.tgz#d38f06c2cf845742403b523ab4596a3fda152e89"
  integrity sha512-aKno00qoA4o+V/kR6i/pE+aP+esng5siNAVQ422TkBNM6qA4veXiZbSe8OTXHXquEi/f6Akc+nLfB4JGfe4/WQ==
  dependencies:
    "@babel/parser" "^7.16.4"
    "@vue/shared" "3.2.31"
    estree-walker "^2.0.2"
    source-map "^0.6.1"

"@vue/compiler-dom@3.2.31":
  version "3.2.31"
  resolved "https://registry.yarnpkg.com/@vue/compiler-dom/-/compiler-dom-3.2.31.tgz#b1b7dfad55c96c8cc2b919cd7eb5fd7e4ddbf00e"
  integrity sha512-60zIlFfzIDf3u91cqfqy9KhCKIJgPeqxgveH2L+87RcGU/alT6BRrk5JtUso0OibH3O7NXuNOQ0cDc9beT0wrg==
  dependencies:
    "@vue/compiler-core" "3.2.31"
    "@vue/shared" "3.2.31"

"@vue/compiler-sfc@3.2.31":
  version "3.2.31"
  resolved "https://registry.yarnpkg.com/@vue/compiler-sfc/-/compiler-sfc-3.2.31.tgz#d02b29c3fe34d599a52c5ae1c6937b4d69f11c2f"
  integrity sha512-748adc9msSPGzXgibHiO6T7RWgfnDcVQD+VVwYgSsyyY8Ans64tALHZANrKtOzvkwznV/F4H7OAod/jIlp/dkQ==
  dependencies:
    "@babel/parser" "^7.16.4"
    "@vue/compiler-core" "3.2.31"
    "@vue/compiler-dom" "3.2.31"
    "@vue/compiler-ssr" "3.2.31"
    "@vue/reactivity-transform" "3.2.31"
    "@vue/shared" "3.2.31"
    estree-walker "^2.0.2"
    magic-string "^0.25.7"
    postcss "^8.1.10"
    source-map "^0.6.1"

"@vue/compiler-ssr@3.2.31":
  version "3.2.31"
  resolved "https://registry.yarnpkg.com/@vue/compiler-ssr/-/compiler-ssr-3.2.31.tgz#4fa00f486c9c4580b40a4177871ebbd650ecb99c"
  integrity sha512-mjN0rqig+A8TVDnsGPYJM5dpbjlXeHUm2oZHZwGyMYiGT/F4fhJf/cXy8QpjnLQK4Y9Et4GWzHn9PS8AHUnSkw==
  dependencies:
    "@vue/compiler-dom" "3.2.31"
    "@vue/shared" "3.2.31"

"@vue/reactivity-transform@3.2.31":
  version "3.2.31"
  resolved "https://registry.yarnpkg.com/@vue/reactivity-transform/-/reactivity-transform-3.2.31.tgz#0f5b25c24e70edab2b613d5305c465b50fc00911"
  integrity sha512-uS4l4z/W7wXdI+Va5pgVxBJ345wyGFKvpPYtdSgvfJfX/x2Ymm6ophQlXXB6acqGHtXuBqNyyO3zVp9b1r0MOA==
  dependencies:
    "@babel/parser" "^7.16.4"
    "@vue/compiler-core" "3.2.31"
    "@vue/shared" "3.2.31"
    estree-walker "^2.0.2"
    magic-string "^0.25.7"

"@vue/reactivity@3.2.31":
  version "3.2.31"
  resolved "https://registry.yarnpkg.com/@vue/reactivity/-/reactivity-3.2.31.tgz#fc90aa2cdf695418b79e534783aca90d63a46bbd"
  integrity sha512-HVr0l211gbhpEKYr2hYe7hRsV91uIVGFYNHj73njbARVGHQvIojkImKMaZNDdoDZOIkMsBc9a1sMqR+WZwfSCw==
  dependencies:
    "@vue/shared" "3.2.31"

"@vue/runtime-core@3.2.31":
  version "3.2.31"
  resolved "https://registry.yarnpkg.com/@vue/runtime-core/-/runtime-core-3.2.31.tgz#9d284c382f5f981b7a7b5971052a1dc4ef39ac7a"
  integrity sha512-Kcog5XmSY7VHFEMuk4+Gap8gUssYMZ2+w+cmGI6OpZWYOEIcbE0TPzzPHi+8XTzAgx1w/ZxDFcXhZeXN5eKWsA==
  dependencies:
    "@vue/reactivity" "3.2.31"
    "@vue/shared" "3.2.31"

"@vue/runtime-dom@3.2.31":
  version "3.2.31"
  resolved "https://registry.yarnpkg.com/@vue/runtime-dom/-/runtime-dom-3.2.31.tgz#79ce01817cb3caf2c9d923f669b738d2d7953eff"
  integrity sha512-N+o0sICVLScUjfLG7u9u5XCjvmsexAiPt17GNnaWHJUfsKed5e85/A3SWgKxzlxx2SW/Hw7RQxzxbXez9PtY3g==
  dependencies:
    "@vue/runtime-core" "3.2.31"
    "@vue/shared" "3.2.31"
    csstype "^2.6.8"

"@vue/server-renderer@3.2.31":
  version "3.2.31"
  resolved "https://registry.yarnpkg.com/@vue/server-renderer/-/server-renderer-3.2.31.tgz#201e9d6ce735847d5989403af81ef80960da7141"
  integrity sha512-8CN3Zj2HyR2LQQBHZ61HexF5NReqngLT3oahyiVRfSSvak+oAvVmu8iNLSu6XR77Ili2AOpnAt1y8ywjjqtmkg==
  dependencies:
    "@vue/compiler-ssr" "3.2.31"
    "@vue/shared" "3.2.31"

"@vue/shared@3.2.31":
  version "3.2.31"
  resolved "https://registry.yarnpkg.com/@vue/shared/-/shared-3.2.31.tgz#c90de7126d833dcd3a4c7534d534be2fb41faa4e"
  integrity sha512-ymN2pj6zEjiKJZbrf98UM2pfDd6F2H7ksKw7NDt/ZZ1fh5Ei39X5tABugtT03ZRlWd9imccoK0hE8hpjpU7irQ==

"@vueuse/core@^8.0.1":
  version "8.1.1"
  resolved "https://registry.yarnpkg.com/@vueuse/core/-/core-8.1.1.tgz#09dd6def4d5efad81a1a665155fb1959e03d7246"
  integrity sha512-NmpizOcQXW0OHV0qa6YwFtw5hQBe0RxMuxQoIIbCa6jRT16MTweFPecIM6VgA1e5vZJtAO7p//TgLSpzi3joZQ==
  dependencies:
    "@vueuse/metadata" "8.1.1"
    "@vueuse/shared" "8.1.1"
    vue-demi "*"

"@vueuse/metadata@8.1.1":
  version "8.1.1"
  resolved "https://registry.yarnpkg.com/@vueuse/metadata/-/metadata-8.1.1.tgz#6e6ba14cb3225ce4c252e5140da1fe572b1ef2e9"
  integrity sha512-TSmA3UaSmBcV8pJ7fnHAL7NjSE1RQZlpJklg6YysFxwxDb0MZlo+Q8j9U1hLBZT1fnAjwZMaoxilanHN8ZwugQ==

"@vueuse/shared@8.1.1":
  version "8.1.1"
  resolved "https://registry.yarnpkg.com/@vueuse/shared/-/shared-8.1.1.tgz#beb84b4fd7cc09577d9d30dbedfdabf47740e9d0"
  integrity sha512-lWRcK8W9+q1t1XMxW9JIljXFQLIViInTOEF7wUHcISQNAYwHtHgr0z+U5SRM8tA4eJd/dVs/2BV1/z2DG7aKEg==
  dependencies:
    vue-demi "*"

apexcharts@^3.33.0:
  version "3.33.2"
  resolved "https://registry.yarnpkg.com/apexcharts/-/apexcharts-3.33.2.tgz#ebb186f1da954fc31857f1ee562a6b281d25db6b"
  integrity sha512-GkHZ3o36ZT/jSBh5y1pxxRzwM3tvtladtkcUTfXwP0wYAHK8Qj0X4ZPsupP7emRIjhOVpGsCxW9xeO3F5w+AOQ==
  dependencies:
    svg.draggable.js "^2.2.2"
    svg.easing.js "^2.0.0"
    svg.filter.js "^2.0.2"
    svg.pathmorphing.js "^0.1.3"
    svg.resize.js "^1.4.3"
    svg.select.js "^3.0.1"

async-validator@^4.0.7:
  version "4.0.7"
  resolved "https://registry.yarnpkg.com/async-validator/-/async-validator-4.0.7.tgz#034a0fd2103a6b2ebf010da75183bec299247afe"
  integrity sha512-Pj2IR7u8hmUEDOwB++su6baaRi+QvsgajuFB9j95foM1N2gy5HM4z60hfusIO0fBPG5uLAEl6yCJr1jNSVugEQ==

clipboard@^2.0.8:
  version "2.0.10"
  resolved "https://registry.yarnpkg.com/clipboard/-/clipboard-2.0.10.tgz#e61f6f7139ac5044c58c0484dcac9fb2a918bfd6"
  integrity sha512-cz3m2YVwFz95qSEbCDi2fzLN/epEN9zXBvfgAoGkvGOJZATMl9gtTDVOtBYkx2ODUJl2kvmud7n32sV2BpYR4g==
  dependencies:
    good-listener "^1.2.2"
    select "^1.1.2"
    tiny-emitter "^2.0.0"

csstype@^2.6.8:
  version "2.6.20"
  resolved "https://registry.yarnpkg.com/csstype/-/csstype-2.6.20.tgz#9229c65ea0b260cf4d3d997cb06288e36a8d6dda"
  integrity sha512-/WwNkdXfckNgw6S5R125rrW8ez139lBHWouiBvX8dfMFtcn6V81REDqnH7+CRpRipfYlyU1CmOnOxrmGcFOjeA==

dayjs@^1.10.8:
  version "1.11.0"
  resolved "https://registry.yarnpkg.com/dayjs/-/dayjs-1.11.0.tgz#009bf7ef2e2ea2d5db2e6583d2d39a4b5061e805"
  integrity sha512-JLC809s6Y948/FuCZPm5IX8rRhQwOiyMb2TfVVQEixG7P8Lm/gt5S7yoQZmC8x1UehI9Pb7sksEt4xx14m+7Ug==

delegate@^3.1.2:
  version "3.2.0"
  resolved "https://registry.yarnpkg.com/delegate/-/delegate-3.2.0.tgz#b66b71c3158522e8ab5744f720d8ca0c2af59166"
  integrity sha512-IofjkYBZaZivn0V8nnsMJGBr4jVLxHDheKSW88PyxS5QC4Vo9ZbZVvhzlSxY87fVq3STR6r+4cGepyHkcWOQSw==

element-plus@^2.0.1:
  version "2.1.4"
  resolved "https://registry.yarnpkg.com/element-plus/-/element-plus-2.1.4.tgz#52ad532d5c7c321822244bd12ff5c03ba6e22632"
  integrity sha512-pcwgDbKUrzyWbixYB/zIbLPLBQ/NPGPJnGXJ+jYozUSthPW4SuriaUGJKgbAE6PDBAtw3IodiT2E2GbiaZLxww==
  dependencies:
    "@ctrl/tinycolor" "^3.4.0"
    "@element-plus/icons-vue" "^1.1.1"
    "@popperjs/core" "^2.11.3"
    "@vueuse/core" "^8.0.1"
    async-validator "^4.0.7"
    dayjs "^1.10.8"
    escape-html "^1.0.3"
    lodash "^4.17.21"
    lodash-es "^4.17.21"
    lodash-unified "^1.0.2"
    memoize-one "^6.0.0"
    normalize-wheel-es "^1.1.1"

esbuild-android-64@0.14.27:
  version "0.14.27"
  resolved "https://registry.yarnpkg.com/esbuild-android-64/-/esbuild-android-64-0.14.27.tgz#b868bbd9955a92309c69df628d8dd1945478b45c"
  integrity sha512-LuEd4uPuj/16Y8j6kqy3Z2E9vNY9logfq8Tq+oTE2PZVuNs3M1kj5Qd4O95ee66yDGb3isaOCV7sOLDwtMfGaQ==

esbuild-android-arm64@0.14.27:
  version "0.14.27"
  resolved "https://registry.yarnpkg.com/esbuild-android-arm64/-/esbuild-android-arm64-0.14.27.tgz#e7d6430555e8e9c505fd87266bbc709f25f1825c"
  integrity sha512-E8Ktwwa6vX8q7QeJmg8yepBYXaee50OdQS3BFtEHKrzbV45H4foMOeEE7uqdjGQZFBap5VAqo7pvjlyA92wznQ==

esbuild-darwin-64@0.14.27:
  version "0.14.27"
  resolved "https://registry.yarnpkg.com/esbuild-darwin-64/-/esbuild-darwin-64-0.14.27.tgz#4dc7484127564e89b4445c0a560a3cb50b3d68e1"
  integrity sha512-czw/kXl/1ZdenPWfw9jDc5iuIYxqUxgQ/Q+hRd4/3udyGGVI31r29LCViN2bAJgGvQkqyLGVcG03PJPEXQ5i2g==

esbuild-darwin-arm64@0.14.27:
  version "0.14.27"
  resolved "https://registry.yarnpkg.com/esbuild-darwin-arm64/-/esbuild-darwin-arm64-0.14.27.tgz#469e59c665f84a8ed323166624c5e7b9b2d22ac1"
  integrity sha512-BEsv2U2U4o672oV8+xpXNxN9bgqRCtddQC6WBh4YhXKDcSZcdNh7+6nS+DM2vu7qWIWNA4JbRG24LUUYXysimQ==

esbuild-freebsd-64@0.14.27:
  version "0.14.27"
  resolved "https://registry.yarnpkg.com/esbuild-freebsd-64/-/esbuild-freebsd-64-0.14.27.tgz#895df03bf5f87094a56c9a5815bf92e591903d70"
  integrity sha512-7FeiFPGBo+ga+kOkDxtPmdPZdayrSzsV9pmfHxcyLKxu+3oTcajeZlOO1y9HW+t5aFZPiv7czOHM4KNd0tNwCA==

esbuild-freebsd-arm64@0.14.27:
  version "0.14.27"
  resolved "https://registry.yarnpkg.com/esbuild-freebsd-arm64/-/esbuild-freebsd-arm64-0.14.27.tgz#0b72a41a6b8655e9a8c5608f2ec1afdcf6958441"
  integrity sha512-8CK3++foRZJluOWXpllG5zwAVlxtv36NpHfsbWS7TYlD8S+QruXltKlXToc/5ZNzBK++l6rvRKELu/puCLc7jA==

esbuild-linux-32@0.14.27:
  version "0.14.27"
  resolved "https://registry.yarnpkg.com/esbuild-linux-32/-/esbuild-linux-32-0.14.27.tgz#43b8ba3803b0bbe7f051869c6a8bf6de1e95de28"
  integrity sha512-qhNYIcT+EsYSBClZ5QhLzFzV5iVsP1YsITqblSaztr3+ZJUI+GoK8aXHyzKd7/CKKuK93cxEMJPpfi1dfsOfdw==

esbuild-linux-64@0.14.27:
  version "0.14.27"
  resolved "https://registry.yarnpkg.com/esbuild-linux-64/-/esbuild-linux-64-0.14.27.tgz#dc8072097327ecfadba1735562824ce8c05dd0bd"
  integrity sha512-ESjck9+EsHoTaKWlFKJpPZRN26uiav5gkI16RuI8WBxUdLrrAlYuYSndxxKgEn1csd968BX/8yQZATYf/9+/qg==

esbuild-linux-arm64@0.14.27:
  version "0.14.27"
  resolved "https://registry.yarnpkg.com/esbuild-linux-arm64/-/esbuild-linux-arm64-0.14.27.tgz#c52b58cbe948426b1559910f521b0a3f396f10b8"
  integrity sha512-no6Mi17eV2tHlJnqBHRLekpZ2/VYx+NfGxKcBE/2xOMYwctsanCaXxw4zapvNrGE9X38vefVXLz6YCF8b1EHiQ==

esbuild-linux-arm@0.14.27:
  version "0.14.27"
  resolved "https://registry.yarnpkg.com/esbuild-linux-arm/-/esbuild-linux-arm-0.14.27.tgz#df869dbd67d4ee3a04b3c7273b6bd2b233e78a18"
  integrity sha512-JnnmgUBdqLQO9hoNZQqNHFWlNpSX82vzB3rYuCJMhtkuaWQEmQz6Lec1UIxJdC38ifEghNTBsF9bbe8dFilnCw==

esbuild-linux-mips64le@0.14.27:
  version "0.14.27"
  resolved "https://registry.yarnpkg.com/esbuild-linux-mips64le/-/esbuild-linux-mips64le-0.14.27.tgz#a2b646d9df368b01aa970a7b8968be6dd6b01d19"
  integrity sha512-NolWP2uOvIJpbwpsDbwfeExZOY1bZNlWE/kVfkzLMsSgqeVcl5YMen/cedRe9mKnpfLli+i0uSp7N+fkKNU27A==

esbuild-linux-ppc64le@0.14.27:
  version "0.14.27"
  resolved "https://registry.yarnpkg.com/esbuild-linux-ppc64le/-/esbuild-linux-ppc64le-0.14.27.tgz#9a21af766a0292578a3009c7408b8509cac7cefd"
  integrity sha512-/7dTjDvXMdRKmsSxKXeWyonuGgblnYDn0MI1xDC7J1VQXny8k1qgNp6VmrlsawwnsymSUUiThhkJsI+rx0taNA==

esbuild-linux-riscv64@0.14.27:
  version "0.14.27"
  resolved "https://registry.yarnpkg.com/esbuild-linux-riscv64/-/esbuild-linux-riscv64-0.14.27.tgz#344a27f91568056a5903ad5841b447e00e78d740"
  integrity sha512-D+aFiUzOJG13RhrSmZgrcFaF4UUHpqj7XSKrIiCXIj1dkIkFqdrmqMSOtSs78dOtObWiOrFCDDzB24UyeEiNGg==

esbuild-linux-s390x@0.14.27:
  version "0.14.27"
  resolved "https://registry.yarnpkg.com/esbuild-linux-s390x/-/esbuild-linux-s390x-0.14.27.tgz#73a7309bd648a07ef58f069658f989a5096130db"
  integrity sha512-CD/D4tj0U4UQjELkdNlZhQ8nDHU5rBn6NGp47Hiz0Y7/akAY5i0oGadhEIg0WCY/HYVXFb3CsSPPwaKcTOW3bg==

esbuild-netbsd-64@0.14.27:
  version "0.14.27"
  resolved "https://registry.yarnpkg.com/esbuild-netbsd-64/-/esbuild-netbsd-64-0.14.27.tgz#482a587cdbd18a6c264a05136596927deb46c30a"
  integrity sha512-h3mAld69SrO1VoaMpYl3a5FNdGRE/Nqc+E8VtHOag4tyBwhCQXxtvDDOAKOUQexBGca0IuR6UayQ4ntSX5ij1Q==

esbuild-openbsd-64@0.14.27:
  version "0.14.27"
  resolved "https://registry.yarnpkg.com/esbuild-openbsd-64/-/esbuild-openbsd-64-0.14.27.tgz#e99f8cdc63f1628747b63edd124d53cf7796468d"
  integrity sha512-xwSje6qIZaDHXWoPpIgvL+7fC6WeubHHv18tusLYMwL+Z6bEa4Pbfs5IWDtQdHkArtfxEkIZz77944z8MgDxGw==

esbuild-sunos-64@0.14.27:
  version "0.14.27"
  resolved "https://registry.yarnpkg.com/esbuild-sunos-64/-/esbuild-sunos-64-0.14.27.tgz#8611d825bcb8239c78d57452e83253a71942f45c"
  integrity sha512-/nBVpWIDjYiyMhuqIqbXXsxBc58cBVH9uztAOIfWShStxq9BNBik92oPQPJ57nzWXRNKQUEFWr4Q98utDWz7jg==

esbuild-windows-32@0.14.27:
  version "0.14.27"
  resolved "https://registry.yarnpkg.com/esbuild-windows-32/-/esbuild-windows-32-0.14.27.tgz#c06374206d4d92dd31d4fda299b09f51a35e82f6"
  integrity sha512-Q9/zEjhZJ4trtWhFWIZvS/7RUzzi8rvkoaS9oiizkHTTKd8UxFwn/Mm2OywsAfYymgUYm8+y2b+BKTNEFxUekw==

esbuild-windows-64@0.14.27:
  version "0.14.27"
  resolved "https://registry.yarnpkg.com/esbuild-windows-64/-/esbuild-windows-64-0.14.27.tgz#756631c1d301dfc0d1a887deed2459ce4079582f"
  integrity sha512-b3y3vTSl5aEhWHK66ngtiS/c6byLf6y/ZBvODH1YkBM+MGtVL6jN38FdHUsZasCz9gFwYs/lJMVY9u7GL6wfYg==

esbuild-windows-arm64@0.14.27:
  version "0.14.27"
  resolved "https://registry.yarnpkg.com/esbuild-windows-arm64/-/esbuild-windows-arm64-0.14.27.tgz#ad7e187193dcd18768b16065a950f4441d7173f4"
  integrity sha512-I/reTxr6TFMcR5qbIkwRGvldMIaiBu2+MP0LlD7sOlNXrfqIl9uNjsuxFPGEG4IRomjfQ5q8WT+xlF/ySVkqKg==

esbuild@^0.14.14:
  version "0.14.27"
  resolved "https://registry.yarnpkg.com/esbuild/-/esbuild-0.14.27.tgz#41fe0f1b6b68b9f77cac025009bc54bb96e616f1"
  integrity sha512-MZQt5SywZS3hA9fXnMhR22dv0oPGh6QtjJRIYbgL1AeqAoQZE+Qn5ppGYQAoHv/vq827flj4tIJ79Mrdiwk46Q==
  optionalDependencies:
    esbuild-android-64 "0.14.27"
    esbuild-android-arm64 "0.14.27"
    esbuild-darwin-64 "0.14.27"
    esbuild-darwin-arm64 "0.14.27"
    esbuild-freebsd-64 "0.14.27"
    esbuild-freebsd-arm64 "0.14.27"
    esbuild-linux-32 "0.14.27"
    esbuild-linux-64 "0.14.27"
    esbuild-linux-arm "0.14.27"
    esbuild-linux-arm64 "0.14.27"
    esbuild-linux-mips64le "0.14.27"
    esbuild-linux-ppc64le "0.14.27"
    esbuild-linux-riscv64 "0.14.27"
    esbuild-linux-s390x "0.14.27"
    esbuild-netbsd-64 "0.14.27"
    esbuild-openbsd-64 "0.14.27"
    esbuild-sunos-64 "0.14.27"
    esbuild-windows-32 "0.14.27"
    esbuild-windows-64 "0.14.27"
    esbuild-windows-arm64 "0.14.27"

escape-html@^1.0.3:
  version "1.0.3"
  resolved "https://registry.yarnpkg.com/escape-html/-/escape-html-1.0.3.tgz#0258eae4d3d0c0974de1c169188ef0051d1d1988"
  integrity sha1-Aljq5NPQwJdN4cFpGI7wBR0dGYg=

estree-walker@^2.0.2:
  version "2.0.2"
  resolved "https://registry.yarnpkg.com/estree-walker/-/estree-walker-2.0.2.tgz#52f010178c2a4c117a7757cfe942adb7d2da4cac"
  integrity sha512-Rfkk/Mp/DL7JVje3u18FxFujQlTNR2q6QfMSMB7AvCBx91NGj/ba3kCfza0f6dVDbw7YlRf/nDrn7pQrCCyQ/w==

fsevents@~2.3.2:
  version "2.3.2"
  resolved "https://registry.yarnpkg.com/fsevents/-/fsevents-2.3.2.tgz#8a526f78b8fdf4623b709e0b975c52c24c02fd1a"
  integrity sha512-xiqMQR4xAeHTuB9uWm+fFRcIOgKBMiOBP+eXiyT7jsgVCq1bkVygt00oASowB7EdtpOHaaPgKt812P9ab+DDKA==

function-bind@^1.1.1:
  version "1.1.1"
  resolved "https://registry.yarnpkg.com/function-bind/-/function-bind-1.1.1.tgz#a56899d3ea3c9bab874bb9773b7c5ede92f4895d"
  integrity sha512-yIovAzMX49sF8Yl58fSCWJ5svSLuaibPxXQJFLmBObTuCr0Mf1KiPopGM9NiFjiYBCbfaa2Fh6breQ6ANVTI0A==

good-listener@^1.2.2:
  version "1.2.2"
  resolved "https://registry.yarnpkg.com/good-listener/-/good-listener-1.2.2.tgz#d53b30cdf9313dffb7dc9a0d477096aa6d145c50"
  integrity sha1-1TswzfkxPf+33JoNR3CWqm0UXFA=
  dependencies:
    delegate "^3.1.2"

has@^1.0.3:
  version "1.0.3"
  resolved "https://registry.yarnpkg.com/has/-/has-1.0.3.tgz#722d7cbfc1f6aa8241f16dd814e011e1f41e8796"
  integrity sha512-f2dvO0VU6Oej7RkWJGrehjbzMAjFp5/VKPp5tTpWIV4JHHZK1/BxbFRtf/siA2SWTe09caDmVtYYzWEIbBS4zw==
  dependencies:
    function-bind "^1.1.1"

is-core-module@^2.8.1:
  version "2.8.1"
  resolved "https://registry.yarnpkg.com/is-core-module/-/is-core-module-2.8.1.tgz#f59fdfca701d5879d0a6b100a40aa1560ce27211"
  integrity sha512-SdNCUs284hr40hFTFP6l0IfZ/RSrMXF3qgoRHd3/79unUTvrFO/JoXwkGm+5J/Oe3E/b5GsnG330uUNgRpu1PA==
  dependencies:
    has "^1.0.3"

leaflet@^1.7.1:
  version "1.7.1"
  resolved "https://registry.yarnpkg.com/leaflet/-/leaflet-1.7.1.tgz#10d684916edfe1bf41d688a3b97127c0322a2a19"
  integrity sha512-/xwPEBidtg69Q3HlqPdU3DnrXQOvQU/CCHA1tcDQVzOwm91YMYaILjNp7L4Eaw5Z4sOYdbBz6koWyibppd8Zqw==

lodash-es@^4.17.21:
  version "4.17.21"
  resolved "https://registry.yarnpkg.com/lodash-es/-/lodash-es-4.17.21.tgz#43e626c46e6591b7750beb2b50117390c609e3ee"
  integrity sha512-mKnC+QJ9pWVzv+C4/U3rRsHapFfHvQFoFB92e52xeyGMcX6/OlIl78je1u8vePzYZSkkogMPJ2yjxxsb89cxyw==

lodash-unified@^1.0.2:
  version "1.0.2"
  resolved "https://registry.yarnpkg.com/lodash-unified/-/lodash-unified-1.0.2.tgz#bb2694db3533781e5cce984af60cfaea318b83c1"
  integrity sha512-OGbEy+1P+UT26CYi4opY4gebD8cWRDxAT6MAObIVQMiqYdxZr1g3QHWCToVsm31x2NkLS4K3+MC2qInaRMa39g==

lodash@^4.17.21:
  version "4.17.21"
  resolved "https://registry.yarnpkg.com/lodash/-/lodash-4.17.21.tgz#679591c564c3bffaae8454cf0b3df370c3d6911c"
  integrity sha512-v2kDEe57lecTulaDIuNTPy3Ry4gLGJ6Z1O3vE1krgXZNrsQ+LFTGHVxVjcXPs17LhbZVGedAJv8XZ1tvj5FvSg==

magic-string@^0.25.7:
  version "0.25.9"
  resolved "https://registry.yarnpkg.com/magic-string/-/magic-string-0.25.9.tgz#de7f9faf91ef8a1c91d02c2e5314c8277dbcdd1c"
  integrity sha512-RmF0AsMzgt25qzqqLc1+MbHmhdx0ojF2Fvs4XnOqz2ZOBXzzkEwc/dJQZCYHAn7v1jbVOjAZfK8msRn4BxO4VQ==
  dependencies:
    sourcemap-codec "^1.4.8"

memoize-one@^6.0.0:
  version "6.0.0"
  resolved "https://registry.yarnpkg.com/memoize-one/-/memoize-one-6.0.0.tgz#b2591b871ed82948aee4727dc6abceeeac8c1045"
  integrity sha512-rkpe71W0N0c0Xz6QD0eJETuWAJGnJ9afsl1srmwPrI+yBCkge5EycXXbYRyvL29zZVUWQCY7InPRCv3GDXuZNw==

mitt@^3.0.0:
  version "3.0.0"
  resolved "https://registry.yarnpkg.com/mitt/-/mitt-3.0.0.tgz#69ef9bd5c80ff6f57473e8d89326d01c414be0bd"
  integrity sha512-7dX2/10ITVyqh4aOSVI9gdape+t9l2/8QxHrFmUXu4EEUpdlxl6RudZUPZoc+zuY2hk1j7XxVroIVIan/pD/SQ==

nanoid@^3.3.1:
  version "3.3.1"
  resolved "https://registry.yarnpkg.com/nanoid/-/nanoid-3.3.1.tgz#6347a18cac88af88f58af0b3594b723d5e99bb35"
  integrity sha512-n6Vs/3KGyxPQd6uO0eH4Bv0ojGSUvuLlIHtC3Y0kEO23YRge8H9x1GCzLn28YX0H66pMkxuaeESFq4tKISKwdw==

normalize-wheel-es@^1.1.1:
  version "1.1.1"
  resolved "https://registry.yarnpkg.com/normalize-wheel-es/-/normalize-wheel-es-1.1.1.tgz#a8096db6a56f94332d884fd8ebeda88f2fc79569"
  integrity sha512-157VNH4CngrcsvF8xOVOe22cwniIR3nxSltdctvQeHZj8JttEeOXffK28jucWfWBXs0QNetAumjc1GiInnwX4w==

path-parse@^1.0.7:
  version "1.0.7"
  resolved "https://registry.yarnpkg.com/path-parse/-/path-parse-1.0.7.tgz#fbc114b60ca42b30d9daf5858e4bd68bbedb6735"
  integrity sha512-LDJzPVEEEPR+y48z93A0Ed0yXb8pAByGWo/k5YYdYgpY2/2EsOsksJrq7lOHxryrVOn1ejG6oAp8ahvOIQD8sw==

picocolors@^1.0.0:
  version "1.0.0"
  resolved "https://registry.yarnpkg.com/picocolors/-/picocolors-1.0.0.tgz#cb5bdc74ff3f51892236eaf79d68bc44564ab81c"
  integrity sha512-1fygroTLlHu66zi26VoTDv8yRgm0Fccecssto+MhsZ0D/DGW2sm8E8AjW7NU5VVTRt5GxbeZ5qBuJr+HyLYkjQ==

postcss@^8.1.10, postcss@^8.4.6:
  version "8.4.12"
  resolved "https://registry.yarnpkg.com/postcss/-/postcss-8.4.12.tgz#1e7de78733b28970fa4743f7da6f3763648b1905"
  integrity sha512-lg6eITwYe9v6Hr5CncVbK70SoioNQIq81nsaG86ev5hAidQvmOeETBqs7jm43K2F5/Ley3ytDtriImV6TpNiSg==
  dependencies:
    nanoid "^3.3.1"
    picocolors "^1.0.0"
    source-map-js "^1.0.2"

resolve@^1.22.0:
  version "1.22.0"
  resolved "https://registry.yarnpkg.com/resolve/-/resolve-1.22.0.tgz#5e0b8c67c15df57a89bdbabe603a002f21731198"
  integrity sha512-Hhtrw0nLeSrFQ7phPp4OOcVjLPIeMnRlr5mcnVuMe7M/7eBn98A3hmFRLoFo3DLZkivSYwhRUJTyPyWAk56WLw==
  dependencies:
    is-core-module "^2.8.1"
    path-parse "^1.0.7"
    supports-preserve-symlinks-flag "^1.0.0"

rollup@^2.59.0:
  version "2.70.1"
  resolved "https://registry.yarnpkg.com/rollup/-/rollup-2.70.1.tgz#824b1f1f879ea396db30b0fc3ae8d2fead93523e"
  integrity sha512-CRYsI5EuzLbXdxC6RnYhOuRdtz4bhejPMSWjsFLfVM/7w/85n2szZv6yExqUXsBdz5KT8eoubeyDUDjhLHEslA==
  optionalDependencies:
    fsevents "~2.3.2"

select@^1.1.2:
  version "1.1.2"
  resolved "https://registry.yarnpkg.com/select/-/select-1.1.2.tgz#0e7350acdec80b1108528786ec1d4418d11b396d"
  integrity sha1-DnNQrN7ICxEIUoeG7B1EGNEbOW0=

source-map-js@^1.0.2:
  version "1.0.2"
  resolved "https://registry.yarnpkg.com/source-map-js/-/source-map-js-1.0.2.tgz#adbc361d9c62df380125e7f161f71c826f1e490c"
  integrity sha512-R0XvVJ9WusLiqTCEiGCmICCMplcCkIwwR11mOSD9CR5u+IXYdiseeEuXCVAjS54zqwkLcPNnmU4OeJ6tUrWhDw==

source-map@^0.6.1:
  version "0.6.1"
  resolved "https://registry.yarnpkg.com/source-map/-/source-map-0.6.1.tgz#74722af32e9614e9c287a8d0bbde48b5e2f1a263"
  integrity sha512-UjgapumWlbMhkBgzT7Ykc5YXUT46F0iKu8SGXq0bcwP5dz/h0Plj6enJqjz1Zbq2l5WaqYnrVbwWOWMyF3F47g==

sourcemap-codec@^1.4.8:
  version "1.4.8"
  resolved "https://registry.yarnpkg.com/sourcemap-codec/-/sourcemap-codec-1.4.8.tgz#ea804bd94857402e6992d05a38ef1ae35a9ab4c4"
  integrity sha512-9NykojV5Uih4lgo5So5dtw+f0JgJX30KCNI8gwhz2J9A15wD0Ml6tjHKwf6fTSa6fAdVBdZeNOs9eJ71qCk8vA==

supports-preserve-symlinks-flag@^1.0.0:
  version "1.0.0"
  resolved "https://registry.yarnpkg.com/supports-preserve-symlinks-flag/-/supports-preserve-symlinks-flag-1.0.0.tgz#6eda4bd344a3c94aea376d4cc31bc77311039e09"
  integrity sha512-ot0WnXS9fgdkgIcePe6RHNk1WA8+muPa6cSjeR3V8K27q9BB1rTE3R1p7Hv0z1ZyAc8s6Vvv8DIyWf681MAt0w==

svg.draggable.js@^2.2.2:
  version "2.2.2"
  resolved "https://registry.yarnpkg.com/svg.draggable.js/-/svg.draggable.js-2.2.2.tgz#c514a2f1405efb6f0263e7958f5b68fce50603ba"
  integrity sha512-JzNHBc2fLQMzYCZ90KZHN2ohXL0BQJGQimK1kGk6AvSeibuKcIdDX9Kr0dT9+UJ5O8nYA0RB839Lhvk4CY4MZw==
  dependencies:
    svg.js "^2.0.1"

svg.easing.js@^2.0.0:
  version "2.0.0"
  resolved "https://registry.yarnpkg.com/svg.easing.js/-/svg.easing.js-2.0.0.tgz#8aa9946b0a8e27857a5c40a10eba4091e5691f12"
  integrity sha1-iqmUawqOJ4V6XEChDrpAkeVpHxI=
  dependencies:
    svg.js ">=2.3.x"

svg.filter.js@^2.0.2:
  version "2.0.2"
  resolved "https://registry.yarnpkg.com/svg.filter.js/-/svg.filter.js-2.0.2.tgz#91008e151389dd9230779fcbe6e2c9a362d1c203"
  integrity sha1-kQCOFROJ3ZIwd5/L5uLJo2LRwgM=
  dependencies:
    svg.js "^2.2.5"

svg.js@>=2.3.x, svg.js@^2.0.1, svg.js@^2.2.5, svg.js@^2.4.0, svg.js@^2.6.5:
  version "2.7.1"
  resolved "https://registry.yarnpkg.com/svg.js/-/svg.js-2.7.1.tgz#eb977ed4737001eab859949b4a398ee1bb79948d"
  integrity sha512-ycbxpizEQktk3FYvn/8BH+6/EuWXg7ZpQREJvgacqn46gIddG24tNNe4Son6omdXCnSOaApnpZw6MPCBA1dODA==

svg.pathmorphing.js@^0.1.3:
  version "0.1.3"
  resolved "https://registry.yarnpkg.com/svg.pathmorphing.js/-/svg.pathmorphing.js-0.1.3.tgz#c25718a1cc7c36e852ecabc380e758ac09bb2b65"
  integrity sha512-49HWI9X4XQR/JG1qXkSDV8xViuTLIWm/B/7YuQELV5KMOPtXjiwH4XPJvr/ghEDibmLQ9Oc22dpWpG0vUDDNww==
  dependencies:
    svg.js "^2.4.0"

svg.resize.js@^1.4.3:
  version "1.4.3"
  resolved "https://registry.yarnpkg.com/svg.resize.js/-/svg.resize.js-1.4.3.tgz#885abd248e0cd205b36b973c4b578b9a36f23332"
  integrity sha512-9k5sXJuPKp+mVzXNvxz7U0uC9oVMQrrf7cFsETznzUDDm0x8+77dtZkWdMfRlmbkEEYvUn9btKuZ3n41oNA+uw==
  dependencies:
    svg.js "^2.6.5"
    svg.select.js "^2.1.2"

svg.select.js@^2.1.2:
  version "2.1.2"
  resolved "https://registry.yarnpkg.com/svg.select.js/-/svg.select.js-2.1.2.tgz#e41ce13b1acff43a7441f9f8be87a2319c87be73"
  integrity sha512-tH6ABEyJsAOVAhwcCjF8mw4crjXSI1aa7j2VQR8ZuJ37H2MBUbyeqYr5nEO7sSN3cy9AR9DUwNg0t/962HlDbQ==
  dependencies:
    svg.js "^2.2.5"

svg.select.js@^3.0.1:
  version "3.0.1"
  resolved "https://registry.yarnpkg.com/svg.select.js/-/svg.select.js-3.0.1.tgz#a4198e359f3825739226415f82176a90ea5cc917"
  integrity sha512-h5IS/hKkuVCbKSieR9uQCj9w+zLHoPh+ce19bBYyqF53g6mnPB8sAtIbe1s9dh2S2fCmYX2xel1Ln3PJBbK4kw==
  dependencies:
    svg.js "^2.6.5"

tiny-emitter@^2.0.0:
  version "2.1.0"
  resolved "https://registry.yarnpkg.com/tiny-emitter/-/tiny-emitter-2.1.0.tgz#1d1a56edfc51c43e863cbb5382a72330e3555423"
  integrity sha512-NB6Dk1A9xgQPMoGqC5CVXn123gWyte215ONT5Pp5a0yt4nlEoO1ZWeCwpncaekPHXO60i47ihFnZPiRPjRMq4Q==

uuid@^8.3.2:
  version "8.3.2"
  resolved "https://registry.yarnpkg.com/uuid/-/uuid-8.3.2.tgz#80d5b5ced271bb9af6c445f21a1a04c606cefbe2"
  integrity sha512-+NYs2QeMWy+GWFOEm9xnn6HCDp0l7QBD7ml8zLUmJ+93Q5NF0NocErnwkTkXVFNiX3/fpC6afS8Dhb/gz7R7eg==

vite@^2.7.2:
  version "2.8.6"
  resolved "https://registry.yarnpkg.com/vite/-/vite-2.8.6.tgz#32d50e23c99ca31b26b8ccdc78b1d72d4d7323d3"
  integrity sha512-e4H0QpludOVKkmOsRyqQ7LTcMUDF3mcgyNU4lmi0B5JUbe0ZxeBBl8VoZ8Y6Rfn9eFKYtdXNPcYK97ZwH+K2ug==
  dependencies:
    esbuild "^0.14.14"
    postcss "^8.4.6"
    resolve "^1.22.0"
    rollup "^2.59.0"
  optionalDependencies:
    fsevents "~2.3.2"

vue-demi@*:
  version "0.12.4"
  resolved "https://registry.yarnpkg.com/vue-demi/-/vue-demi-0.12.4.tgz#420dd17628f95f1bbce1102ad3c51074713a8049"
  integrity sha512-ztPDkFt0TSUdoq1ZI6oD730vgztBkiByhUW7L1cOTebiSBqSYfSQgnhYakYigBkyAybqCTH7h44yZuDJf2xILQ==

vue3-apexcharts@^1.4.1:
  version "1.4.1"
  resolved "https://registry.yarnpkg.com/vue3-apexcharts/-/vue3-apexcharts-1.4.1.tgz#ea561308430a1c5213b7f17c44ba3c845f6c490d"
  integrity sha512-96qP8JDqB9vwU7bkG5nVU+E0UGQn7yYQVqUUCLQMYWDuQyu2vE77H/UFZ1yI+hwzlSTBKT9BqnNG8JsFegB3eg==

vue3-json-viewer@^1.0.4:
  version "1.0.7"
  resolved "https://registry.yarnpkg.com/vue3-json-viewer/-/vue3-json-viewer-1.0.7.tgz#df5974dadf10a7f3851b4e17b2490eef5562737d"
  integrity sha512-ztsosXjUHfJX0nkfwQ5TpUqnUbyMKhshRP0hbauC5MHJR2vyiRw1fivWRTwt6KduhWZTWdGsZm/UGd0wLhjrbA==
  dependencies:
    "@migrate-to-esm/clipboard" "^2.0.6-1"

vue3-sfc-loader@^0.8.4:
  version "0.8.4"
  resolved "https://registry.yarnpkg.com/vue3-sfc-loader/-/vue3-sfc-loader-0.8.4.tgz#b13309c2a466a4a9139ece4a42047e157ad8e21b"
  integrity sha512-eziaIrk/N9f9OCpyFEkR6vMsZUHcF5mQslXjffwcb5Iq6EuU74QrlpBeJqA04MvAGT7f5O8la2v9k3NtQnJb3Q==

vue@^3.2.25:
  version "3.2.31"
  resolved "https://registry.yarnpkg.com/vue/-/vue-3.2.31.tgz#e0c49924335e9f188352816788a4cca10f817ce6"
  integrity sha512-odT3W2tcffTiQCy57nOT93INw1auq5lYLLYtWpPYQQYQOOdHiqFct9Xhna6GJ+pJQaF67yZABraH47oywkJgFw==
  dependencies:
    "@vue/compiler-dom" "3.2.31"
    "@vue/compiler-sfc" "3.2.31"
    "@vue/runtime-dom" "3.2.31"
    "@vue/server-renderer" "3.2.31"
    "@vue/shared" "3.2.31"

xstate@^4.28.1:
  version "4.30.6"
  resolved "https://registry.yarnpkg.com/xstate/-/xstate-4.30.6.tgz#62b6dea37a500e0e1c0ff7c553a801eea5119554"
  integrity sha512-V7liK1cjkZRh6R/MSneG8S5VLGRatpOUcnNieiYJX4LbwKi9eUVUH5V04ugJYVcJ+2oKDKvEFvzk0VnSC7lTag==
